
Microsoft Visual Studio Solution File, Format Version 12.00
# Visual Studio 14
VisualStudioVersion = 14.0.25420.1
MinimumVisualStudioVersion = 10.0.40219.1
Project("{FAE04EC0-301F-11D3-BF4B-00C04F79EFBC}") = "Farmacia", "Farmacia\Farmacia.csproj", "{ACE3D1F1-46F3-4342-814B-885E66070AC8}"
EndProject
Project("{FAE04EC0-301F-11D3-BF4B-00C04F79EFBC}") = "CalculadoraSimples", "CalculadoraSimples\CalculadoraSimples.csproj", "{66A14CF3-0962-4166-827B-BA5225F3E62D}"
EndProject
Project("{FAE04EC0-301F-11D3-BF4B-00C04F79EFBC}") = "frmEstados", "frmEstados\frmEstados.csproj", "{82AA6F3B-C7B2-4794-A0A3-FC20D1F9442A}"
EndProject
Project("{FAE04EC0-301F-11D3-BF4B-00C04F79EFBC}") = "FolhaPagamento", "FolhaPagamento\FolhaPagamento.csproj", "{8E9818F4-2032-408A-9EA3-185C5F238594}"
EndProject
Project("{FAE04EC0-301F-11D3-BF4B-00C04F79EFBC}") = "ProjetoTeste", "ProjetoTeste\ProjetoTeste.csproj", "{B2FD1E42-D363-491A-804C-AF1F35454229}"
EndProject
Global
	GlobalSection(SolutionConfigurationPlatforms) = preSolution
		Debug|Any CPU = Debug|Any CPU
		Debug|x64 = Debug|x64
		Release|Any CPU = Release|Any CPU
		Release|x64 = Release|x64
	EndGlobalSection
	GlobalSection(ProjectConfigurationPlatforms) = postSolution
		{ACE3D1F1-46F3-4342-814B-885E66070AC8}.Debug|Any CPU.ActiveCfg = Debug|Any CPU
		{ACE3D1F1-46F3-4342-814B-885E66070AC8}.Debug|Any CPU.Build.0 = Debug|Any CPU
		{ACE3D1F1-46F3-4342-814B-885E66070AC8}.Debug|x64.ActiveCfg = Debug|x64
		{ACE3D1F1-46F3-4342-814B-885E66070AC8}.Debug|x64.Build.0 = Debug|x64
		{ACE3D1F1-46F3-4342-814B-885E66070AC8}.Release|Any CPU.ActiveCfg = Release|Any CPU
		{ACE3D1F1-46F3-4342-814B-885E66070AC8}.Release|Any CPU.Build.0 = Release|Any CPU
		{ACE3D1F1-46F3-4342-814B-885E66070AC8}.Release|x64.ActiveCfg = Release|x64
		{ACE3D1F1-46F3-4342-814B-885E66070AC8}.Release|x64.Build.0 = Release|x64
		{66A14CF3-0962-4166-827B-BA5225F3E62D}.Debug|Any CPU.ActiveCfg = Debug|Any CPU
		{66A14CF3-0962-4166-827B-BA5225F3E62D}.Debug|Any CPU.Build.0 = Debug|Any CPU
		{66A14CF3-0962-4166-827B-BA5225F3E62D}.Debug|x64.ActiveCfg = Debug|Any CPU
		{66A14CF3-0962-4166-827B-BA5225F3E62D}.Debug|x64.Build.0 = Debug|Any CPU
		{66A14CF3-0962-4166-827B-BA5225F3E62D}.Release|Any CPU.ActiveCfg = Release|Any CPU
		{66A14CF3-0962-4166-827B-BA5225F3E62D}.Release|Any CPU.Build.0 = Release|Any CPU
		{66A14CF3-0962-4166-827B-BA5225F3E62D}.Release|x64.ActiveCfg = Release|Any CPU
		{66A14CF3-0962-4166-827B-BA5225F3E62D}.Release|x64.Build.0 = Release|Any CPU
		{82AA6F3B-C7B2-4794-A0A3-FC20D1F9442A}.Debug|Any CPU.ActiveCfg = Debug|Any CPU
		{82AA6F3B-C7B2-4794-A0A3-FC20D1F9442A}.Debug|Any CPU.Build.0 = Debug|Any CPU
		{82AA6F3B-C7B2-4794-A0A3-FC20D1F9442A}.Debug|x64.ActiveCfg = Debug|Any CPU
		{82AA6F3B-C7B2-4794-A0A3-FC20D1F9442A}.Debug|x64.Build.0 = Debug|Any CPU
		{82AA6F3B-C7B2-4794-A0A3-FC20D1F9442A}.Release|Any CPU.ActiveCfg = Release|Any CPU
		{82AA6F3B-C7B2-4794-A0A3-FC20D1F9442A}.Release|Any CPU.Build.0 = Release|Any CPU
		{82AA6F3B-C7B2-4794-A0A3-FC20D1F9442A}.Release|x64.ActiveCfg = Release|Any CPU
		{82AA6F3B-C7B2-4794-A0A3-FC20D1F9442A}.Release|x64.Build.0 = Release|Any CPU
		{8E9818F4-2032-408A-9EA3-185C5F238594}.Debug|Any CPU.ActiveCfg = Debug|Any CPU
		{8E9818F4-2032-408A-9EA3-185C5F238594}.Debug|Any CPU.Build.0 = Debug|Any CPU
		{8E9818F4-2032-408A-9EA3-185C5F238594}.Debug|x64.ActiveCfg = Debug|Any CPU
		{8E9818F4-2032-408A-9EA3-185C5F238594}.Debug|x64.Build.0 = Debug|Any CPU
		{8E9818F4-2032-408A-9EA3-185C5F238594}.Release|Any CPU.ActiveCfg = Release|Any CPU
		{8E9818F4-2032-408A-9EA3-185C5F238594}.Release|Any CPU.Build.0 = Release|Any CPU
		{8E9818F4-2032-408A-9EA3-185C5F238594}.Release|x64.ActiveCfg = Release|Any CPU
		{8E9818F4-2032-408A-9EA3-185C5F238594}.Release|x64.Build.0 = Release|Any CPU
		{B2FD1E42-D363-491A-804C-AF1F35454229}.Debug|Any CPU.ActiveCfg = Debug|Any CPU
		{B2FD1E42-D363-491A-804C-AF1F35454229}.Debug|Any CPU.Build.0 = Debug|Any CPU
		{B2FD1E42-D363-491A-804C-AF1F35454229}.Debug|x64.ActiveCfg = Debug|Any CPU
		{B2FD1E42-D363-491A-804C-AF1F35454229}.Debug|x64.Build.0 = Debug|Any CPU
		{B2FD1E42-D363-491A-804C-AF1F35454229}.Release|Any CPU.ActiveCfg = Release|Any CPU
		{B2FD1E42-D363-491A-804C-AF1F35454229}.Release|Any CPU.Build.0 = Release|Any CPU
		{B2FD1E42-D363-491A-804C-AF1F35454229}.Release|x64.ActiveCfg = Release|Any CPU
		{B2FD1E42-D363-491A-804C-AF1F35454229}.Release|x64.Build.0 = Release|Any CPU
	EndGlobalSection
	GlobalSection(SolutionProperties) = preSolution
		HideSolutionNode = FALSE
	EndGlobalSection
EndGlobal
